
Microsoft Visual Studio Solution File, Format Version 11.00
# Visual Studio 2010
Project("{8BC9CEB8-8B4A-11D0-8D11-00A0C91BC942}") = "NIEngine_VS", "NIEngine_VS\NIEngine_VS.vcxproj", "{F55250C1-1157-40EC-A063-54C781701451}"
EndProject
Global
	GlobalSection(SolutionConfigurationPlatforms) = preSolution
		Debug|Win32 = Debug|Win32
		Release|Win32 = Release|Win32
	EndGlobalSection
	GlobalSection(ProjectConfigurationPlatforms) = postSolution
		{F55250C1-1157-40EC-A063-54C781701451}.Debug|Win32.ActiveCfg = Debug|Win32
		{F55250C1-1157-40EC-A063-54C781701451}.Debug|Win32.Build.0 = Debug|Win32
		{F55250C1-1157-40EC-A063-54C781701451}.Release|Win32.ActiveCfg = Release|Win32
		{F55250C1-1157-40EC-A063-54C781701451}.Release|Win32.Build.0 = Release|Win32
	EndGlobalSection
	GlobalSection(SolutionProperties) = preSolution
		HideSolutionNode = FALSE
	EndGlobalSection
EndGlobal
