
Microsoft Visual Studio Solution File, Format Version 10.00
# Visual Studio 2008
Project("{8BC9CEB8-8B4A-11D0-8D11-00A0C91BC942}") = "MSHandTracker", "MSHandTracker\MSHandTracker.vcproj", "{741865BC-7E4D-4EF6-8204-4884EBF50283}"
EndProject
Project("{54435603-DBB4-11D2-8724-00A0C9A8B90C}") = "MSHandTrackerInstallation", "MSHandTrackerInstallation\MSHandTrackerInstallation.vdproj", "{B3BA4582-FB68-445A-9EBF-9248E460915A}"
EndProject
Project("{8BC9CEB8-8B4A-11D0-8D11-00A0C91BC942}") = "MSHandTracker_UI", "..\MSHandTracker_IHM\MSHandTracker\MSHandTracker2.vcproj", "{09308CE4-49C2-372B-BF05-DA4FA895FA7D}"
EndProject
Project("{54435603-DBB4-11D2-8724-00A0C9A8B90C}") = "MSHandTracker", "..\..\amir2\MSHandTracker\MSHandTracker\MSHandTracker.vdproj", "{FCBBE313-09DD-4E94-BAA7-45498A897311}"
EndProject
Global
	GlobalSection(SolutionConfigurationPlatforms) = preSolution
		Debug|Win32 = Debug|Win32
		Release|Win32 = Release|Win32
	EndGlobalSection
	GlobalSection(ProjectConfigurationPlatforms) = postSolution
		{741865BC-7E4D-4EF6-8204-4884EBF50283}.Debug|Win32.ActiveCfg = Debug|Win32
		{741865BC-7E4D-4EF6-8204-4884EBF50283}.Debug|Win32.Build.0 = Debug|Win32
		{741865BC-7E4D-4EF6-8204-4884EBF50283}.Release|Win32.ActiveCfg = Release|Win32
		{741865BC-7E4D-4EF6-8204-4884EBF50283}.Release|Win32.Build.0 = Release|Win32
		{B3BA4582-FB68-445A-9EBF-9248E460915A}.Debug|Win32.ActiveCfg = Debug
		{B3BA4582-FB68-445A-9EBF-9248E460915A}.Release|Win32.ActiveCfg = Release
		{09308CE4-49C2-372B-BF05-DA4FA895FA7D}.Debug|Win32.ActiveCfg = Debug|Win32
		{09308CE4-49C2-372B-BF05-DA4FA895FA7D}.Debug|Win32.Build.0 = Debug|Win32
		{09308CE4-49C2-372B-BF05-DA4FA895FA7D}.Release|Win32.ActiveCfg = Release|Win32
		{09308CE4-49C2-372B-BF05-DA4FA895FA7D}.Release|Win32.Build.0 = Release|Win32
		{FCBBE313-09DD-4E94-BAA7-45498A897311}.Debug|Win32.ActiveCfg = Debug
		{FCBBE313-09DD-4E94-BAA7-45498A897311}.Release|Win32.ActiveCfg = Release
	EndGlobalSection
	GlobalSection(SolutionProperties) = preSolution
		HideSolutionNode = FALSE
	EndGlobalSection
EndGlobal
