<?xml version="1.0" encoding="utf-8"?>
<Project ToolsVersion="4.0" xmlns="http://schemas.microsoft.com/developer/msbuild/2003">
  <ItemGroup>
    <Filter Include="Form Files">
      <UniqueIdentifier>{99349809-55BA-4b9d-BF79-8FDBB0286EB3}</UniqueIdentifier>
      <Extensions>ui</Extensions>
      <ParseFiles>false</ParseFiles>
    </Filter>
    <Filter Include="Form Files">
      <UniqueIdentifier>{99349809-55BA-4b9d-BF79-8FDBB0286EB3}</UniqueIdentifier>
      <Extensions>ui</Extensions>
      <ParseFiles>false</ParseFiles>
    </Filter>
    <Filter Include="Generated Files">
      <UniqueIdentifier>{71ED8ED8-ACB9-4CE9-BBE1-E00B30144E11}</UniqueIdentifier>
      <Extensions>cpp;c;cxx;moc;h;def;odl;idl;res;</Extensions>
    </Filter>
    <Filter Include="Generated Files">
      <UniqueIdentifier>{71ED8ED8-ACB9-4CE9-BBE1-E00B30144E11}</UniqueIdentifier>
      <Extensions>cpp;c;cxx;moc;h;def;odl;idl;res;</Extensions>
    </Filter>
    <Filter Include="Header Files">
      <UniqueIdentifier>{93995380-89BD-4b04-88EB-625FBE52EBFB}</UniqueIdentifier>
      <Extensions>h;hpp;hxx;hm;inl;inc;xsd</Extensions>
    </Filter>
    <Filter Include="Header Files">
      <UniqueIdentifier>{93995380-89BD-4b04-88EB-625FBE52EBFB}</UniqueIdentifier>
      <Extensions>h;hpp;hxx;hm;inl;inc;xsd</Extensions>
    </Filter>
    <Filter Include="Source Files">
      <UniqueIdentifier>{4FC737F1-C7A5-4376-A066-2A32D752A2FF}</UniqueIdentifier>
      <Extensions>cpp;c;cxx;def;odl;idl;hpj;bat;asm;asmx</Extensions>
    </Filter>
    <Filter Include="Source Files">
      <UniqueIdentifier>{4FC737F1-C7A5-4376-A066-2A32D752A2FF}</UniqueIdentifier>
      <Extensions>cpp;c;cxx;def;odl;idl;hpj;bat;asm;asmx</Extensions>
    </Filter>
    <Filter Include="Generated Files\Debug">
      <UniqueIdentifier>{54e47829-7b72-4805-ae9d-14990d6513df}</UniqueIdentifier>
      <Extensions>cpp;moc</Extensions>
      <SourceControlFiles>False</SourceControlFiles>
    </Filter>
    <Filter Include="Generated Files\Release">
      <UniqueIdentifier>{97c49f41-f33c-47c0-96b4-98ebc4040937}</UniqueIdentifier>
      <Extensions>cpp;moc</Extensions>
      <SourceControlFiles>False</SourceControlFiles>
    </Filter>
  </ItemGroup>
  <ItemGroup>
    <ClCompile Include="src\CmdParser.cpp">
      <Filter>Source Files</Filter>
    </ClCompile>
    <ClCompile Include="src\NIEngine.cpp">
      <Filter>Source Files</Filter>
    </ClCompile>
    <ClCompile Include="src\NIServer.cpp">
      <Filter>Source Files</Filter>
    </ClCompile>
    <ClCompile Include="src\NITcpServer.cpp">
      <Filter>Source Files</Filter>
    </ClCompile>
    <ClCompile Include="src\Utils.cpp">
      <Filter>Source Files</Filter>
    </ClCompile>
    <ClCompile Include="src\vjson\block_allocator.cpp">
      <Filter>Source Files</Filter>
    </ClCompile>
    <ClCompile Include="initworker.cpp">
      <Filter>Source Files</Filter>
    </ClCompile>
    <ClCompile Include="src\vjson\json.cpp">
      <Filter>Source Files</Filter>
    </ClCompile>
    <ClCompile Include="main.cpp">
      <Filter>Source Files</Filter>
    </ClCompile>
    <ClCompile Include="mainwindow.cpp">
      <Filter>Source Files</Filter>
    </ClCompile>
    <ClCompile Include="src\TinyThread\tinythread.cpp">
      <Filter>Source Files</Filter>
    </ClCompile>
    <ClCompile Include="Debug\moc_CmdParser.cpp">
      <Filter>Generated Files\Debug</Filter>
    </ClCompile>
    <ClCompile Include="Release\moc_CmdParser.cpp">
      <Filter>Generated Files\Release</Filter>
    </ClCompile>
    <ClCompile Include="Debug\moc_NITcpServer.cpp">
      <Filter>Generated Files\Debug</Filter>
    </ClCompile>
    <ClCompile Include="Release\moc_NITcpServer.cpp">
      <Filter>Generated Files\Release</Filter>
    </ClCompile>
    <ClCompile Include="Debug\moc_initworker.cpp">
      <Filter>Generated Files\Debug</Filter>
    </ClCompile>
    <ClCompile Include="Release\moc_initworker.cpp">
      <Filter>Generated Files\Release</Filter>
    </ClCompile>
    <ClCompile Include="Debug\moc_mainwindow.cpp">
      <Filter>Generated Files\Debug</Filter>
    </ClCompile>
    <ClCompile Include="Release\moc_mainwindow.cpp">
      <Filter>Generated Files\Release</Filter>
    </ClCompile>
  </ItemGroup>
  <ItemGroup>
    <CustomBuild Include="Include\CmdParser.h">
      <Filter>Header Files</Filter>
    </CustomBuild>
    <ClInclude Include="Include\NIEngine.h">
      <Filter>Header Files</Filter>
    </ClInclude>
    <ClInclude Include="Include\NIServer.h">
      <Filter>Header Files</Filter>
    </ClInclude>
    <CustomBuild Include="Include\NITcpServer.h">
      <Filter>Header Files</Filter>
    </CustomBuild>
    <ClInclude Include="Include\nite\NiTE.h">
      <Filter>Header Files</Filter>
    </ClInclude>
    <ClInclude Include="Include\nite\NiteCAPI.h">
      <Filter>Header Files</Filter>
    </ClInclude>
    <ClInclude Include="Include\nite\NiteCEnums.h">
      <Filter>Header Files</Filter>
    </ClInclude>
    <ClInclude Include="Include\nite\NiteCTypes.h">
      <Filter>Header Files</Filter>
    </ClInclude>
    <ClInclude Include="Include\nite\NiteEnums.h">
      <Filter>Header Files</Filter>
    </ClInclude>
    <ClInclude Include="Include\nite\NiteVersion.h">
      <Filter>Header Files</Filter>
    </ClInclude>
    <ClInclude Include="Include\OneEuroFilter.h">
      <Filter>Header Files</Filter>
    </ClInclude>
    <ClInclude Include="Include\openni\OniCAPI.h">
      <Filter>Header Files</Filter>
    </ClInclude>
    <ClInclude Include="Include\openni\OniCEnums.h">
      <Filter>Header Files</Filter>
    </ClInclude>
    <ClInclude Include="Include\openni\OniCProperties.h">
      <Filter>Header Files</Filter>
    </ClInclude>
    <ClInclude Include="Include\openni\OniCTypes.h">
      <Filter>Header Files</Filter>
    </ClInclude>
    <ClInclude Include="Include\openni\OniEnums.h">
      <Filter>Header Files</Filter>
    </ClInclude>
    <ClInclude Include="Include\openni\OniPlatform.h">
      <Filter>Header Files</Filter>
    </ClInclude>
    <ClInclude Include="Include\openni\OniProperties.h">
      <Filter>Header Files</Filter>
    </ClInclude>
    <ClInclude Include="Include\openni\OniVersion.h">
      <Filter>Header Files</Filter>
    </ClInclude>
    <ClInclude Include="Include\openni\OpenNI.h">
      <Filter>Header Files</Filter>
    </ClInclude>
    <ClInclude Include="Include\openni\PS1080.h">
      <Filter>Header Files</Filter>
    </ClInclude>
    <ClInclude Include="Include\Utils.h">
      <Filter>Header Files</Filter>
    </ClInclude>
    <ClInclude Include="Include\vjason\block_allocator.h">
      <Filter>Header Files</Filter>
    </ClInclude>
    <ClInclude Include="Include\curl\curl.h">
      <Filter>Header Files</Filter>
    </ClInclude>
    <ClInclude Include="Include\curl\curlbuild.h">
      <Filter>Header Files</Filter>
    </ClInclude>
    <ClInclude Include="Include\curl\curlrules.h">
      <Filter>Header Files</Filter>
    </ClInclude>
    <ClInclude Include="Include\curl\curlver.h">
      <Filter>Header Files</Filter>
    </ClInclude>
    <ClInclude Include="Include\curl\easy.h">
      <Filter>Header Files</Filter>
    </ClInclude>
    <ClInclude Include="Include\expat\expat.h">
      <Filter>Header Files</Filter>
    </ClInclude>
    <ClInclude Include="Include\expat\expat_external.h">
      <Filter>Header Files</Filter>
    </ClInclude>
    <CustomBuild Include="initworker.h">
      <Filter>Header Files</Filter>
    </CustomBuild>
    <ClInclude Include="Include\vjason\json.h">
      <Filter>Header Files</Filter>
    </ClInclude>
    <CustomBuild Include="mainwindow.h">
      <Filter>Header Files</Filter>
    </CustomBuild>
    <ClInclude Include="Include\curl\mprintf.h">
      <Filter>Header Files</Filter>
    </ClInclude>
    <ClInclude Include="Include\curl\multi.h">
      <Filter>Header Files</Filter>
    </ClInclude>
    <ClInclude Include="Include\curl\stdcheaders.h">
      <Filter>Header Files</Filter>
    </ClInclude>
    <ClInclude Include="Include\TinyThread\tinythread.h">
      <Filter>Header Files</Filter>
    </ClInclude>
    <ClInclude Include="Include\curl\typecheck-gcc.h">
      <Filter>Header Files</Filter>
    </ClInclude>
  </ItemGroup>
  <ItemGroup>
    <CustomBuild Include="mainwindow.ui">
      <Filter>Form Files</Filter>
    </CustomBuild>
  </ItemGroup>
  <ItemGroup>
    <ClInclude Include="GeneratedFiles\ui_mainwindow.h">
      <Filter>Generated Files</Filter>
    </ClInclude>
  </ItemGroup>
</Project>